// !$*UTF8*$!
{
	archiveVersion = 1;
	classes = {
	};
	objectVersion = 46;
	objects = {

/* Begin PBXBuildFile section */
		F42B5A211A00BD380097CBEB /* StoreKit.framework in Frameworks */ = {isa = PBXBuildFile; fileRef = F42B5A201A00BD380097CBEB /* StoreKit.framework */; };
		F42B5A231A00BD450097CBEB /* Security.framework in Frameworks */ = {isa = PBXBuildFile; fileRef = F42B5A221A00BD450097CBEB /* Security.framework */; };
		F43D562419E455C000BF6718 /* topViewController.m in Sources */ = {isa = PBXBuildFile; fileRef = F43D562319E455C000BF6718 /* topViewController.m */; };
		F44EF24A1A014E0700DF47E0 /* ENAFURLConnectionOperation.m in Sources */ = {isa = PBXBuildFile; fileRef = F44EF1CD1A014E0700DF47E0 /* ENAFURLConnectionOperation.m */; };
		F44EF24B1A014E0700DF47E0 /* ENGCOAuth.m in Sources */ = {isa = PBXBuildFile; fileRef = F44EF1D01A014E0700DF47E0 /* ENGCOAuth.m */; };
		F44EF24C1A014E0700DF47E0 /* LICENSE in Resources */ = {isa = PBXBuildFile; fileRef = F44EF1D11A014E0700DF47E0 /* LICENSE */; };
		F44EF24D1A014E0700DF47E0 /* NSData+ENBase64.m in Sources */ = {isa = PBXBuildFile; fileRef = F44EF1D31A014E0700DF47E0 /* NSData+ENBase64.m */; };
		F44EF24E1A014E0700DF47E0 /* KSForwardingWriter.m in Sources */ = {isa = PBXBuildFile; fileRef = F44EF1D61A014E0700DF47E0 /* KSForwardingWriter.m */; };
		F44EF24F1A014E0700DF47E0 /* KSHTMLWriter.m in Sources */ = {isa = PBXBuildFile; fileRef = F44EF1D81A014E0700DF47E0 /* KSHTMLWriter.m */; };
		F44EF2501A014E0700DF47E0 /* KSWriter.m in Sources */ = {isa = PBXBuildFile; fileRef = F44EF1DA1A014E0700DF47E0 /* KSWriter.m */; };
		F44EF2511A014E0700DF47E0 /* KSXMLAttributes.m in Sources */ = {isa = PBXBuildFile; fileRef = F44EF1DC1A014E0700DF47E0 /* KSXMLAttributes.m */; };
		F44EF2521A014E0700DF47E0 /* KSXMLWriter.m in Sources */ = {isa = PBXBuildFile; fileRef = F44EF1DE1A014E0700DF47E0 /* KSXMLWriter.m */; };
		F44EF2531A014E0700DF47E0 /* LICENSE.txt in Resources */ = {isa = PBXBuildFile; fileRef = F44EF1DF1A014E0700DF47E0 /* LICENSE.txt */; };
		F44EF2541A014E0700DF47E0 /* NSString+XMLAdditions.m in Sources */ = {isa = PBXBuildFile; fileRef = F44EF1E11A014E0700DF47E0 /* NSString+XMLAdditions.m */; };
		F44EF2551A014E0700DF47E0 /* LICENSE in Resources */ = {isa = PBXBuildFile; fileRef = F44EF1E31A014E0700DF47E0 /* LICENSE */; };
		F44EF2561A014E0700DF47E0 /* NSString+URLEncoding.m in Sources */ = {isa = PBXBuildFile; fileRef = F44EF1E51A014E0700DF47E0 /* NSString+URLEncoding.m */; };
		F44EF2571A014E0700DF47E0 /* LICENSE in Resources */ = {isa = PBXBuildFile; fileRef = F44EF1E71A014E0700DF47E0 /* LICENSE */; };
		F44EF2581A014E0700DF47E0 /* SSKeychain.m in Sources */ = {isa = PBXBuildFile; fileRef = F44EF1E91A014E0700DF47E0 /* SSKeychain.m */; };
		F44EF2591A014E0700DF47E0 /* LICENSE in Resources */ = {isa = PBXBuildFile; fileRef = F44EF1EB1A014E0700DF47E0 /* LICENSE */; };
		F44EF25A1A014E0700DF47E0 /* TBinaryProtocol.m in Sources */ = {isa = PBXBuildFile; fileRef = F44EF1EE1A014E0700DF47E0 /* TBinaryProtocol.m */; };
		F44EF25B1A014E0700DF47E0 /* TProtocolException.m in Sources */ = {isa = PBXBuildFile; fileRef = F44EF1F11A014E0700DF47E0 /* TProtocolException.m */; };
		F44EF25C1A014E0700DF47E0 /* TProtocolUtil.m in Sources */ = {isa = PBXBuildFile; fileRef = F44EF1F41A014E0700DF47E0 /* TProtocolUtil.m */; };
		F44EF25D1A014E0700DF47E0 /* TApplicationException.m in Sources */ = {isa = PBXBuildFile; fileRef = F44EF1F61A014E0700DF47E0 /* TApplicationException.m */; };
		F44EF25E1A014E0700DF47E0 /* TException.m in Sources */ = {isa = PBXBuildFile; fileRef = F44EF1F81A014E0700DF47E0 /* TException.m */; };
		F44EF25F1A014E0700DF47E0 /* THTTPClient.m in Sources */ = {isa = PBXBuildFile; fileRef = F44EF1FF1A014E0700DF47E0 /* THTTPClient.m */; };
		F44EF2601A014E0700DF47E0 /* TMemoryBuffer.m in Sources */ = {isa = PBXBuildFile; fileRef = F44EF2011A014E0700DF47E0 /* TMemoryBuffer.m */; };
		F44EF2611A014E0700DF47E0 /* TTransportException.m in Sources */ = {isa = PBXBuildFile; fileRef = F44EF2041A014E0700DF47E0 /* TTransportException.m */; };
		F44EF2621A014E0700DF47E0 /* EDAMErrors.m in Sources */ = {isa = PBXBuildFile; fileRef = F44EF2081A014E0700DF47E0 /* EDAMErrors.m */; };
		F44EF2631A014E0700DF47E0 /* EDAMLimits.m in Sources */ = {isa = PBXBuildFile; fileRef = F44EF20A1A014E0700DF47E0 /* EDAMLimits.m */; };
		F44EF2641A014E0700DF47E0 /* EDAMNoteStore.m in Sources */ = {isa = PBXBuildFile; fileRef = F44EF20C1A014E0700DF47E0 /* EDAMNoteStore.m */; };
		F44EF2651A014E0700DF47E0 /* EDAMTypes.m in Sources */ = {isa = PBXBuildFile; fileRef = F44EF20E1A014E0700DF47E0 /* EDAMTypes.m */; };
		F44EF2661A014E0700DF47E0 /* EDAMUserStore.m in Sources */ = {isa = PBXBuildFile; fileRef = F44EF2101A014E0700DF47E0 /* EDAMUserStore.m */; };
		F44EF2671A014E0700DF47E0 /* EDAMNoteStoreClient+Utilities.m in Sources */ = {isa = PBXBuildFile; fileRef = F44EF2121A014E0700DF47E0 /* EDAMNoteStoreClient+Utilities.m */; };
		F44EF2681A014E0700DF47E0 /* ENConstants.m in Sources */ = {isa = PBXBuildFile; fileRef = F44EF2141A014E0700DF47E0 /* ENConstants.m */; };
		F44EF2691A014E0700DF47E0 /* EvernoteNoteStore+Extras.m in Sources */ = {isa = PBXBuildFile; fileRef = F44EF2171A014E0700DF47E0 /* EvernoteNoteStore+Extras.m */; };
		F44EF26A1A014E0700DF47E0 /* EvernoteNoteStore.m in Sources */ = {isa = PBXBuildFile; fileRef = F44EF2191A014E0700DF47E0 /* EvernoteNoteStore.m */; };
		F44EF26B1A014E0700DF47E0 /* EvernoteSDK.m in Sources */ = {isa = PBXBuildFile; fileRef = F44EF21B1A014E0700DF47E0 /* EvernoteSDK.m */; };
		F44EF26C1A014E0700DF47E0 /* EvernoteSession.m in Sources */ = {isa = PBXBuildFile; fileRef = F44EF21D1A014E0700DF47E0 /* EvernoteSession.m */; };
		F44EF26D1A014E0700DF47E0 /* EvernoteUserStore+Extras.m in Sources */ = {isa = PBXBuildFile; fileRef = F44EF21F1A014E0700DF47E0 /* EvernoteUserStore+Extras.m */; };
		F44EF26E1A014E0700DF47E0 /* EvernoteUserStore.m in Sources */ = {isa = PBXBuildFile; fileRef = F44EF2211A014E0700DF47E0 /* EvernoteUserStore.m */; };
		F44EF26F1A014E0700DF47E0 /* ENApplicationBridge.m in Sources */ = {isa = PBXBuildFile; fileRef = F44EF2251A014E0700DF47E0 /* ENApplicationBridge.m */; };
		F44EF2701A014E0700DF47E0 /* ENAuthenticationRequest.m in Sources */ = {isa = PBXBuildFile; fileRef = F44EF2291A014E0700DF47E0 /* ENAuthenticationRequest.m */; };
		F44EF2711A014E0700DF47E0 /* ENLinkNotebookRequest.m in Sources */ = {isa = PBXBuildFile; fileRef = F44EF22B1A014E0700DF47E0 /* ENLinkNotebookRequest.m */; };
		F44EF2721A014E0700DF47E0 /* ENNewNoteRequest.m in Sources */ = {isa = PBXBuildFile; fileRef = F44EF22D1A014E0700DF47E0 /* ENNewNoteRequest.m */; };
		F44EF2731A014E0700DF47E0 /* ENNoteImportRequest.m in Sources */ = {isa = PBXBuildFile; fileRef = F44EF22F1A014E0700DF47E0 /* ENNoteImportRequest.m */; };
		F44EF2741A014E0700DF47E0 /* ENNoteViewRequest.m in Sources */ = {isa = PBXBuildFile; fileRef = F44EF2311A014E0700DF47E0 /* ENNoteViewRequest.m */; };
		F44EF2751A014E0700DF47E0 /* ENResourceAttachment.m in Sources */ = {isa = PBXBuildFile; fileRef = F44EF2331A014E0700DF47E0 /* ENResourceAttachment.m */; };
		F44EF2761A014E0700DF47E0 /* ENSearchRequest.m in Sources */ = {isa = PBXBuildFile; fileRef = F44EF2351A014E0700DF47E0 /* ENSearchRequest.m */; };
		F44EF2771A014E0700DF47E0 /* ENAPI.m in Sources */ = {isa = PBXBuildFile; fileRef = F44EF2381A014E0700DF47E0 /* ENAPI.m */; };
		F44EF2781A014E0700DF47E0 /* ENCredentials.m in Sources */ = {isa = PBXBuildFile; fileRef = F44EF23A1A014E0700DF47E0 /* ENCredentials.m */; };
		F44EF2791A014E0700DF47E0 /* ENCredentialStore.m in Sources */ = {isa = PBXBuildFile; fileRef = F44EF23C1A014E0700DF47E0 /* ENCredentialStore.m */; };
		F44EF27A1A014E0700DF47E0 /* ENOAuthViewController.m in Sources */ = {isa = PBXBuildFile; fileRef = F44EF23E1A014E0700DF47E0 /* ENOAuthViewController.m */; };
		F44EF27B1A014E0700DF47E0 /* EvernoteSDK.strings in Resources */ = {isa = PBXBuildFile; fileRef = F44EF2401A014E0700DF47E0 /* EvernoteSDK.strings */; };
		F44EF27C1A014E0700DF47E0 /* ENMLUtility.m in Sources */ = {isa = PBXBuildFile; fileRef = F44EF2431A014E0700DF47E0 /* ENMLUtility.m */; };
		F44EF27D1A014E0700DF47E0 /* NSData+EvernoteSDK.m in Sources */ = {isa = PBXBuildFile; fileRef = F44EF2451A014E0700DF47E0 /* NSData+EvernoteSDK.m */; };
		F44EF27E1A014E0700DF47E0 /* NSDataBase64Additions.m in Sources */ = {isa = PBXBuildFile; fileRef = F44EF2471A014E0700DF47E0 /* NSDataBase64Additions.m */; };
		F44EF27F1A014E0700DF47E0 /* NSDate+EDAMAdditions.m in Sources */ = {isa = PBXBuildFile; fileRef = F44EF2491A014E0700DF47E0 /* NSDate+EDAMAdditions.m */; };
		F46D80AC19E99A47003732D5 /* Main.storyboard in Resources */ = {isa = PBXBuildFile; fileRef = F46D80AB19E99A47003732D5 /* Main.storyboard */; };
		F46D80E119E9D877003732D5 /* finishTableViewController.m in Sources */ = {isa = PBXBuildFile; fileRef = F46D80E019E9D877003732D5 /* finishTableViewController.m */; };
		F46D80E419E9DACF003732D5 /* finishResultViewController.m in Sources */ = {isa = PBXBuildFile; fileRef = F46D80E319E9DACF003732D5 /* finishResultViewController.m */; };
		F46DA20F19CB403300AB1CEC /* Foundation.framework in Frameworks */ = {isa = PBXBuildFile; fileRef = F46DA20E19CB403300AB1CEC /* Foundation.framework */; };
		F46DA21119CB403300AB1CEC /* CoreGraphics.framework in Frameworks */ = {isa = PBXBuildFile; fileRef = F46DA21019CB403300AB1CEC /* CoreGraphics.framework */; };
		F46DA21319CB403300AB1CEC /* UIKit.framework in Frameworks */ = {isa = PBXBuildFile; fileRef = F46DA21219CB403300AB1CEC /* UIKit.framework */; };
		F46DA21919CB403300AB1CEC /* InfoPlist.strings in Resources */ = {isa = PBXBuildFile; fileRef = F46DA21719CB403300AB1CEC /* InfoPlist.strings */; };
		F46DA21B19CB403300AB1CEC /* main.m in Sources */ = {isa = PBXBuildFile; fileRef = F46DA21A19CB403300AB1CEC /* main.m */; };
		F46DA21F19CB403300AB1CEC /* AppDelegate.m in Sources */ = {isa = PBXBuildFile; fileRef = F46DA21E19CB403300AB1CEC /* AppDelegate.m */; };
		F46DA22719CB403400AB1CEC /* Images.xcassets in Resources */ = {isa = PBXBuildFile; fileRef = F46DA22619CB403400AB1CEC /* Images.xcassets */; };
		F46DA22E19CB403400AB1CEC /* XCTest.framework in Frameworks */ = {isa = PBXBuildFile; fileRef = F46DA22D19CB403400AB1CEC /* XCTest.framework */; };
		F46DA22F19CB403400AB1CEC /* Foundation.framework in Frameworks */ = {isa = PBXBuildFile; fileRef = F46DA20E19CB403300AB1CEC /* Foundation.framework */; };
		F46DA23019CB403400AB1CEC /* UIKit.framework in Frameworks */ = {isa = PBXBuildFile; fileRef = F46DA21219CB403300AB1CEC /* UIKit.framework */; };
		F46DA23819CB403400AB1CEC /* InfoPlist.strings in Resources */ = {isa = PBXBuildFile; fileRef = F46DA23619CB403400AB1CEC /* InfoPlist.strings */; };
		F46DA23A19CB403400AB1CEC /* TimeIsMoneyTests.m in Sources */ = {isa = PBXBuildFile; fileRef = F46DA23919CB403400AB1CEC /* TimeIsMoneyTests.m */; };
		F46DA24519CB41AE00AB1CEC /* NPViewController.m in Sources */ = {isa = PBXBuildFile; fileRef = F46DA24419CB41AE00AB1CEC /* NPViewController.m */; };
		F46DA24E19CB466800AB1CEC /* FNViewController.m in Sources */ = {isa = PBXBuildFile; fileRef = F46DA24D19CB466800AB1CEC /* FNViewController.m */; };
		F4819B491A092A0D00319379 /* CDViewController.m in Sources */ = {isa = PBXBuildFile; fileRef = F4819B481A092A0D00319379 /* CDViewController.m */; };
		F4A86A6319EE0E8600B42894 /* bunsekiViewController.m in Sources */ = {isa = PBXBuildFile; fileRef = F4A86A6219EE0E8600B42894 /* bunsekiViewController.m */; };
		F4A9AFB919E634C200F8E9FD /* jikyuSetViewController.m in Sources */ = {isa = PBXBuildFile; fileRef = F4A9AFB819E634C200F8E9FD /* jikyuSetViewController.m */; };
		F4DBBB5419E4443A0064083C /* Sound.m in Sources */ = {isa = PBXBuildFile; fileRef = F4DBBB5319E4443A0064083C /* Sound.m */; };
		F4E9CF6C19CC02EE0049F233 /* coin.mp3 in Resources */ = {isa = PBXBuildFile; fileRef = F4E9CF6919CC02EE0049F233 /* coin.mp3 */; };
		F4E9CF6D19CC02EE0049F233 /* register.mp3 in Resources */ = {isa = PBXBuildFile; fileRef = F4E9CF6A19CC02EE0049F233 /* register.mp3 */; };
		F4E9CF6E19CC02EE0049F233 /* Time approach.mp3 in Resources */ = {isa = PBXBuildFile; fileRef = F4E9CF6B19CC02EE0049F233 /* Time approach.mp3 */; };
/* End PBXBuildFile section */

/* Begin PBXContainerItemProxy section */
		F46DA23119CB403400AB1CEC /* PBXContainerItemProxy */ = {
			isa = PBXContainerItemProxy;
			containerPortal = F46DA20319CB403300AB1CEC /* Project object */;
			proxyType = 1;
			remoteGlobalIDString = F46DA20A19CB403300AB1CEC;
			remoteInfo = TimeIsMoney;
		};
/* End PBXContainerItemProxy section */

/* Begin PBXFileReference section */
		F42B5A201A00BD380097CBEB /* StoreKit.framework */ = {isa = PBXFileReference; lastKnownFileType = wrapper.framework; name = StoreKit.framework; path = System/Library/Frameworks/StoreKit.framework; sourceTree = SDKROOT; };
		F42B5A221A00BD450097CBEB /* Security.framework */ = {isa = PBXFileReference; lastKnownFileType = wrapper.framework; name = Security.framework; path = System/Library/Frameworks/Security.framework; sourceTree = SDKROOT; };
		F43D562219E455C000BF6718 /* topViewController.h */ = {isa = PBXFileReference; fileEncoding = 4; lastKnownFileType = sourcecode.c.h; path = topViewController.h; sourceTree = "<group>"; };
		F43D562319E455C000BF6718 /* topViewController.m */ = {isa = PBXFileReference; fileEncoding = 4; lastKnownFileType = sourcecode.c.objc; path = topViewController.m; sourceTree = "<group>"; };
		F44EF1CC1A014E0700DF47E0 /* ENAFURLConnectionOperation.h */ = {isa = PBXFileReference; fileEncoding = 4; lastKnownFileType = sourcecode.c.h; path = ENAFURLConnectionOperation.h; sourceTree = "<group>"; };
		F44EF1CD1A014E0700DF47E0 /* ENAFURLConnectionOperation.m */ = {isa = PBXFileReference; fileEncoding = 4; lastKnownFileType = sourcecode.c.objc; path = ENAFURLConnectionOperation.m; sourceTree = "<group>"; };
		F44EF1CF1A014E0700DF47E0 /* ENGCOAuth.h */ = {isa = PBXFileReference; fileEncoding = 4; lastKnownFileType = sourcecode.c.h; path = ENGCOAuth.h; sourceTree = "<group>"; };
		F44EF1D01A014E0700DF47E0 /* ENGCOAuth.m */ = {isa = PBXFileReference; fileEncoding = 4; lastKnownFileType = sourcecode.c.objc; path = ENGCOAuth.m; sourceTree = "<group>"; };
		F44EF1D11A014E0700DF47E0 /* LICENSE */ = {isa = PBXFileReference; fileEncoding = 4; lastKnownFileType = text; path = LICENSE; sourceTree = "<group>"; };
		F44EF1D21A014E0700DF47E0 /* NSData+ENBase64.h */ = {isa = PBXFileReference; fileEncoding = 4; lastKnownFileType = sourcecode.c.h; path = "NSData+ENBase64.h"; sourceTree = "<group>"; };
		F44EF1D31A014E0700DF47E0 /* NSData+ENBase64.m */ = {isa = PBXFileReference; fileEncoding = 4; lastKnownFileType = sourcecode.c.objc; path = "NSData+ENBase64.m"; sourceTree = "<group>"; };
		F44EF1D51A014E0700DF47E0 /* KSForwardingWriter.h */ = {isa = PBXFileReference; fileEncoding = 4; lastKnownFileType = sourcecode.c.h; path = KSForwardingWriter.h; sourceTree = "<group>"; };
		F44EF1D61A014E0700DF47E0 /* KSForwardingWriter.m */ = {isa = PBXFileReference; fileEncoding = 4; lastKnownFileType = sourcecode.c.objc; path = KSForwardingWriter.m; sourceTree = "<group>"; };
		F44EF1D71A014E0700DF47E0 /* KSHTMLWriter.h */ = {isa = PBXFileReference; fileEncoding = 4; lastKnownFileType = sourcecode.c.h; path = KSHTMLWriter.h; sourceTree = "<group>"; };
		F44EF1D81A014E0700DF47E0 /* KSHTMLWriter.m */ = {isa = PBXFileReference; fileEncoding = 4; lastKnownFileType = sourcecode.c.objc; path = KSHTMLWriter.m; sourceTree = "<group>"; };
		F44EF1D91A014E0700DF47E0 /* KSWriter.h */ = {isa = PBXFileReference; fileEncoding = 4; lastKnownFileType = sourcecode.c.h; path = KSWriter.h; sourceTree = "<group>"; };
		F44EF1DA1A014E0700DF47E0 /* KSWriter.m */ = {isa = PBXFileReference; fileEncoding = 4; lastKnownFileType = sourcecode.c.objc; path = KSWriter.m; sourceTree = "<group>"; };
		F44EF1DB1A014E0700DF47E0 /* KSXMLAttributes.h */ = {isa = PBXFileReference; fileEncoding = 4; lastKnownFileType = sourcecode.c.h; path = KSXMLAttributes.h; sourceTree = "<group>"; };
		F44EF1DC1A014E0700DF47E0 /* KSXMLAttributes.m */ = {isa = PBXFileReference; fileEncoding = 4; lastKnownFileType = sourcecode.c.objc; path = KSXMLAttributes.m; sourceTree = "<group>"; };
		F44EF1DD1A014E0700DF47E0 /* KSXMLWriter.h */ = {isa = PBXFileReference; fileEncoding = 4; lastKnownFileType = sourcecode.c.h; path = KSXMLWriter.h; sourceTree = "<group>"; };
		F44EF1DE1A014E0700DF47E0 /* KSXMLWriter.m */ = {isa = PBXFileReference; fileEncoding = 4; lastKnownFileType = sourcecode.c.objc; path = KSXMLWriter.m; sourceTree = "<group>"; };
		F44EF1DF1A014E0700DF47E0 /* LICENSE.txt */ = {isa = PBXFileReference; fileEncoding = 4; lastKnownFileType = text; path = LICENSE.txt; sourceTree = "<group>"; };
		F44EF1E01A014E0700DF47E0 /* NSString+XMLAdditions.h */ = {isa = PBXFileReference; fileEncoding = 4; lastKnownFileType = sourcecode.c.h; path = "NSString+XMLAdditions.h"; sourceTree = "<group>"; };
		F44EF1E11A014E0700DF47E0 /* NSString+XMLAdditions.m */ = {isa = PBXFileReference; fileEncoding = 4; lastKnownFileType = sourcecode.c.objc; path = "NSString+XMLAdditions.m"; sourceTree = "<group>"; };
		F44EF1E31A014E0700DF47E0 /* LICENSE */ = {isa = PBXFileReference; fileEncoding = 4; lastKnownFileType = text; path = LICENSE; sourceTree = "<group>"; };
		F44EF1E41A014E0700DF47E0 /* NSString+URLEncoding.h */ = {isa = PBXFileReference; fileEncoding = 4; lastKnownFileType = sourcecode.c.h; path = "NSString+URLEncoding.h"; sourceTree = "<group>"; };
		F44EF1E51A014E0700DF47E0 /* NSString+URLEncoding.m */ = {isa = PBXFileReference; fileEncoding = 4; lastKnownFileType = sourcecode.c.objc; path = "NSString+URLEncoding.m"; sourceTree = "<group>"; };
		F44EF1E71A014E0700DF47E0 /* LICENSE */ = {isa = PBXFileReference; fileEncoding = 4; lastKnownFileType = text; path = LICENSE; sourceTree = "<group>"; };
		F44EF1E81A014E0700DF47E0 /* SSKeychain.h */ = {isa = PBXFileReference; fileEncoding = 4; lastKnownFileType = sourcecode.c.h; path = SSKeychain.h; sourceTree = "<group>"; };
		F44EF1E91A014E0700DF47E0 /* SSKeychain.m */ = {isa = PBXFileReference; fileEncoding = 4; lastKnownFileType = sourcecode.c.objc; path = SSKeychain.m; sourceTree = "<group>"; };
		F44EF1EB1A014E0700DF47E0 /* LICENSE */ = {isa = PBXFileReference; fileEncoding = 4; lastKnownFileType = text; path = LICENSE; sourceTree = "<group>"; };
		F44EF1ED1A014E0700DF47E0 /* TBinaryProtocol.h */ = {isa = PBXFileReference; fileEncoding = 4; lastKnownFileType = sourcecode.c.h; path = TBinaryProtocol.h; sourceTree = "<group>"; };
		F44EF1EE1A014E0700DF47E0 /* TBinaryProtocol.m */ = {isa = PBXFileReference; fileEncoding = 4; lastKnownFileType = sourcecode.c.objc; path = TBinaryProtocol.m; sourceTree = "<group>"; };
		F44EF1EF1A014E0700DF47E0 /* TProtocol.h */ = {isa = PBXFileReference; fileEncoding = 4; lastKnownFileType = sourcecode.c.h; path = TProtocol.h; sourceTree = "<group>"; };
		F44EF1F01A014E0700DF47E0 /* TProtocolException.h */ = {isa = PBXFileReference; fileEncoding = 4; lastKnownFileType = sourcecode.c.h; path = TProtocolException.h; sourceTree = "<group>"; };
		F44EF1F11A014E0700DF47E0 /* TProtocolException.m */ = {isa = PBXFileReference; fileEncoding = 4; lastKnownFileType = sourcecode.c.objc; path = TProtocolException.m; sourceTree = "<group>"; };
		F44EF1F21A014E0700DF47E0 /* TProtocolFactory.h */ = {isa = PBXFileReference; fileEncoding = 4; lastKnownFileType = sourcecode.c.h; path = TProtocolFactory.h; sourceTree = "<group>"; };
		F44EF1F31A014E0700DF47E0 /* TProtocolUtil.h */ = {isa = PBXFileReference; fileEncoding = 4; lastKnownFileType = sourcecode.c.h; path = TProtocolUtil.h; sourceTree = "<group>"; };
		F44EF1F41A014E0700DF47E0 /* TProtocolUtil.m */ = {isa = PBXFileReference; fileEncoding = 4; lastKnownFileType = sourcecode.c.objc; path = TProtocolUtil.m; sourceTree = "<group>"; };
		F44EF1F51A014E0700DF47E0 /* TApplicationException.h */ = {isa = PBXFileReference; fileEncoding = 4; lastKnownFileType = sourcecode.c.h; path = TApplicationException.h; sourceTree = "<group>"; };
		F44EF1F61A014E0700DF47E0 /* TApplicationException.m */ = {isa = PBXFileReference; fileEncoding = 4; lastKnownFileType = sourcecode.c.objc; path = TApplicationException.m; sourceTree = "<group>"; };
		F44EF1F71A014E0700DF47E0 /* TException.h */ = {isa = PBXFileReference; fileEncoding = 4; lastKnownFileType = sourcecode.c.h; path = TException.h; sourceTree = "<group>"; };
		F44EF1F81A014E0700DF47E0 /* TException.m */ = {isa = PBXFileReference; fileEncoding = 4; lastKnownFileType = sourcecode.c.objc; path = TException.m; sourceTree = "<group>"; };
		F44EF1F91A014E0700DF47E0 /* Thrift.h */ = {isa = PBXFileReference; fileEncoding = 4; lastKnownFileType = sourcecode.c.h; path = Thrift.h; sourceTree = "<group>"; };
		F44EF1FA1A014E0700DF47E0 /* TObjective-C.h */ = {isa = PBXFileReference; fileEncoding = 4; lastKnownFileType = sourcecode.c.h; path = "TObjective-C.h"; sourceTree = "<group>"; };
		F44EF1FB1A014E0700DF47E0 /* TProcessor.h */ = {isa = PBXFileReference; fileEncoding = 4; lastKnownFileType = sourcecode.c.h; path = TProcessor.h; sourceTree = "<group>"; };
		F44EF1FC1A014E0700DF47E0 /* TProcessorFactory.h */ = {isa = PBXFileReference; fileEncoding = 4; lastKnownFileType = sourcecode.c.h; path = TProcessorFactory.h; sourceTree = "<group>"; };
		F44EF1FE1A014E0700DF47E0 /* THTTPClient.h */ = {isa = PBXFileReference; fileEncoding = 4; lastKnownFileType = sourcecode.c.h; path = THTTPClient.h; sourceTree = "<group>"; };
		F44EF1FF1A014E0700DF47E0 /* THTTPClient.m */ = {isa = PBXFileReference; fileEncoding = 4; lastKnownFileType = sourcecode.c.objc; path = THTTPClient.m; sourceTree = "<group>"; };
		F44EF2001A014E0700DF47E0 /* TMemoryBuffer.h */ = {isa = PBXFileReference; fileEncoding = 4; lastKnownFileType = sourcecode.c.h; path = TMemoryBuffer.h; sourceTree = "<group>"; };
		F44EF2011A014E0700DF47E0 /* TMemoryBuffer.m */ = {isa = PBXFileReference; fileEncoding = 4; lastKnownFileType = sourcecode.c.objc; path = TMemoryBuffer.m; sourceTree = "<group>"; };
		F44EF2021A014E0700DF47E0 /* TTransport.h */ = {isa = PBXFileReference; fileEncoding = 4; lastKnownFileType = sourcecode.c.h; path = TTransport.h; sourceTree = "<group>"; };
		F44EF2031A014E0700DF47E0 /* TTransportException.h */ = {isa = PBXFileReference; fileEncoding = 4; lastKnownFileType = sourcecode.c.h; path = TTransportException.h; sourceTree = "<group>"; };
		F44EF2041A014E0700DF47E0 /* TTransportException.m */ = {isa = PBXFileReference; fileEncoding = 4; lastKnownFileType = sourcecode.c.objc; path = TTransportException.m; sourceTree = "<group>"; };
		F44EF2061A014E0700DF47E0 /* EDAM.h */ = {isa = PBXFileReference; fileEncoding = 4; lastKnownFileType = sourcecode.c.h; path = EDAM.h; sourceTree = "<group>"; };
		F44EF2071A014E0700DF47E0 /* EDAMErrors.h */ = {isa = PBXFileReference; fileEncoding = 4; lastKnownFileType = sourcecode.c.h; path = EDAMErrors.h; sourceTree = "<group>"; };
		F44EF2081A014E0700DF47E0 /* EDAMErrors.m */ = {isa = PBXFileReference; fileEncoding = 4; lastKnownFileType = sourcecode.c.objc; path = EDAMErrors.m; sourceTree = "<group>"; };
		F44EF2091A014E0700DF47E0 /* EDAMLimits.h */ = {isa = PBXFileReference; fileEncoding = 4; lastKnownFileType = sourcecode.c.h; path = EDAMLimits.h; sourceTree = "<group>"; };
		F44EF20A1A014E0700DF47E0 /* EDAMLimits.m */ = {isa = PBXFileReference; fileEncoding = 4; lastKnownFileType = sourcecode.c.objc; path = EDAMLimits.m; sourceTree = "<group>"; };
		F44EF20B1A014E0700DF47E0 /* EDAMNoteStore.h */ = {isa = PBXFileReference; fileEncoding = 4; lastKnownFileType = sourcecode.c.h; path = EDAMNoteStore.h; sourceTree = "<group>"; };
		F44EF20C1A014E0700DF47E0 /* EDAMNoteStore.m */ = {isa = PBXFileReference; fileEncoding = 4; lastKnownFileType = sourcecode.c.objc; path = EDAMNoteStore.m; sourceTree = "<group>"; };
		F44EF20D1A014E0700DF47E0 /* EDAMTypes.h */ = {isa = PBXFileReference; fileEncoding = 4; lastKnownFileType = sourcecode.c.h; path = EDAMTypes.h; sourceTree = "<group>"; };
		F44EF20E1A014E0700DF47E0 /* EDAMTypes.m */ = {isa = PBXFileReference; fileEncoding = 4; lastKnownFileType = sourcecode.c.objc; path = EDAMTypes.m; sourceTree = "<group>"; };
		F44EF20F1A014E0700DF47E0 /* EDAMUserStore.h */ = {isa = PBXFileReference; fileEncoding = 4; lastKnownFileType = sourcecode.c.h; path = EDAMUserStore.h; sourceTree = "<group>"; };
		F44EF2101A014E0700DF47E0 /* EDAMUserStore.m */ = {isa = PBXFileReference; fileEncoding = 4; lastKnownFileType = sourcecode.c.objc; path = EDAMUserStore.m; sourceTree = "<group>"; };
		F44EF2111A014E0700DF47E0 /* EDAMNoteStoreClient+Utilities.h */ = {isa = PBXFileReference; fileEncoding = 4; lastKnownFileType = sourcecode.c.h; path = "EDAMNoteStoreClient+Utilities.h"; sourceTree = "<group>"; };
		F44EF2121A014E0700DF47E0 /* EDAMNoteStoreClient+Utilities.m */ = {isa = PBXFileReference; fileEncoding = 4; lastKnownFileType = sourcecode.c.objc; path = "EDAMNoteStoreClient+Utilities.m"; sourceTree = "<group>"; };
		F44EF2131A014E0700DF47E0 /* ENConstants.h */ = {isa = PBXFileReference; fileEncoding = 4; lastKnownFileType = sourcecode.c.h; path = ENConstants.h; sourceTree = "<group>"; };
		F44EF2141A014E0700DF47E0 /* ENConstants.m */ = {isa = PBXFileReference; fileEncoding = 4; lastKnownFileType = sourcecode.c.objc; path = ENConstants.m; sourceTree = "<group>"; };
		F44EF2151A014E0700DF47E0 /* evernote-sdk-ios-Prefix.pch */ = {isa = PBXFileReference; fileEncoding = 4; lastKnownFileType = sourcecode.c.h; path = "evernote-sdk-ios-Prefix.pch"; sourceTree = "<group>"; };
		F44EF2161A014E0700DF47E0 /* EvernoteNoteStore+Extras.h */ = {isa = PBXFileReference; fileEncoding = 4; lastKnownFileType = sourcecode.c.h; path = "EvernoteNoteStore+Extras.h"; sourceTree = "<group>"; };
		F44EF2171A014E0700DF47E0 /* EvernoteNoteStore+Extras.m */ = {isa = PBXFileReference; fileEncoding = 4; lastKnownFileType = sourcecode.c.objc; path = "EvernoteNoteStore+Extras.m"; sourceTree = "<group>"; };
		F44EF2181A014E0700DF47E0 /* EvernoteNoteStore.h */ = {isa = PBXFileReference; fileEncoding = 4; lastKnownFileType = sourcecode.c.h; path = EvernoteNoteStore.h; sourceTree = "<group>"; };
		F44EF2191A014E0700DF47E0 /* EvernoteNoteStore.m */ = {isa = PBXFileReference; fileEncoding = 4; lastKnownFileType = sourcecode.c.objc; path = EvernoteNoteStore.m; sourceTree = "<group>"; };
		F44EF21A1A014E0700DF47E0 /* EvernoteSDK.h */ = {isa = PBXFileReference; fileEncoding = 4; lastKnownFileType = sourcecode.c.h; path = EvernoteSDK.h; sourceTree = "<group>"; };
		F44EF21B1A014E0700DF47E0 /* EvernoteSDK.m */ = {isa = PBXFileReference; fileEncoding = 4; lastKnownFileType = sourcecode.c.objc; path = EvernoteSDK.m; sourceTree = "<group>"; };
		F44EF21C1A014E0700DF47E0 /* EvernoteSession.h */ = {isa = PBXFileReference; fileEncoding = 4; lastKnownFileType = sourcecode.c.h; path = EvernoteSession.h; sourceTree = "<group>"; };
		F44EF21D1A014E0700DF47E0 /* EvernoteSession.m */ = {isa = PBXFileReference; fileEncoding = 4; lastKnownFileType = sourcecode.c.objc; path = EvernoteSession.m; sourceTree = "<group>"; };
		F44EF21E1A014E0700DF47E0 /* EvernoteUserStore+Extras.h */ = {isa = PBXFileReference; fileEncoding = 4; lastKnownFileType = sourcecode.c.h; path = "EvernoteUserStore+Extras.h"; sourceTree = "<group>"; };
		F44EF21F1A014E0700DF47E0 /* EvernoteUserStore+Extras.m */ = {isa = PBXFileReference; fileEncoding = 4; lastKnownFileType = sourcecode.c.objc; path = "EvernoteUserStore+Extras.m"; sourceTree = "<group>"; };
		F44EF2201A014E0700DF47E0 /* EvernoteUserStore.h */ = {isa = PBXFileReference; fileEncoding = 4; lastKnownFileType = sourcecode.c.h; path = EvernoteUserStore.h; sourceTree = "<group>"; };
		F44EF2211A014E0700DF47E0 /* EvernoteUserStore.m */ = {isa = PBXFileReference; fileEncoding = 4; lastKnownFileType = sourcecode.c.objc; path = EvernoteUserStore.m; sourceTree = "<group>"; };
		F44EF2241A014E0700DF47E0 /* ENApplicationBridge.h */ = {isa = PBXFileReference; fileEncoding = 4; lastKnownFileType = sourcecode.c.h; path = ENApplicationBridge.h; sourceTree = "<group>"; };
		F44EF2251A014E0700DF47E0 /* ENApplicationBridge.m */ = {isa = PBXFileReference; fileEncoding = 4; lastKnownFileType = sourcecode.c.objc; path = ENApplicationBridge.m; sourceTree = "<group>"; };
		F44EF2261A014E0700DF47E0 /* ENApplicationBridge_Private.h */ = {isa = PBXFileReference; fileEncoding = 4; lastKnownFileType = sourcecode.c.h; path = ENApplicationBridge_Private.h; sourceTree = "<group>"; };
		F44EF2271A014E0700DF47E0 /* ENApplicationRequest.h */ = {isa = PBXFileReference; fileEncoding = 4; lastKnownFileType = sourcecode.c.h; path = ENApplicationRequest.h; sourceTree = "<group>"; };
		F44EF2281A014E0700DF47E0 /* ENAuthenticationRequest.h */ = {isa = PBXFileReference; fileEncoding = 4; lastKnownFileType = sourcecode.c.h; path = ENAuthenticationRequest.h; sourceTree = "<group>"; };
		F44EF2291A014E0700DF47E0 /* ENAuthenticationRequest.m */ = {isa = PBXFileReference; fileEncoding = 4; lastKnownFileType = sourcecode.c.objc; path = ENAuthenticationRequest.m; sourceTree = "<group>"; };
		F44EF22A1A014E0700DF47E0 /* ENLinkNotebookRequest.h */ = {isa = PBXFileReference; fileEncoding = 4; lastKnownFileType = sourcecode.c.h; path = ENLinkNotebookRequest.h; sourceTree = "<group>"; };
		F44EF22B1A014E0700DF47E0 /* ENLinkNotebookRequest.m */ = {isa = PBXFileReference; fileEncoding = 4; lastKnownFileType = sourcecode.c.objc; path = ENLinkNotebookRequest.m; sourceTree = "<group>"; };
		F44EF22C1A014E0700DF47E0 /* ENNewNoteRequest.h */ = {isa = PBXFileReference; fileEncoding = 4; lastKnownFileType = sourcecode.c.h; path = ENNewNoteRequest.h; sourceTree = "<group>"; };
		F44EF22D1A014E0700DF47E0 /* ENNewNoteRequest.m */ = {isa = PBXFileReference; fileEncoding = 4; lastKnownFileType = sourcecode.c.objc; path = ENNewNoteRequest.m; sourceTree = "<group>"; };
		F44EF22E1A014E0700DF47E0 /* ENNoteImportRequest.h */ = {isa = PBXFileReference; fileEncoding = 4; lastKnownFileType = sourcecode.c.h; path = ENNoteImportRequest.h; sourceTree = "<group>"; };
		F44EF22F1A014E0700DF47E0 /* ENNoteImportRequest.m */ = {isa = PBXFileReference; fileEncoding = 4; lastKnownFileType = sourcecode.c.objc; path = ENNoteImportRequest.m; sourceTree = "<group>"; };
		F44EF2301A014E0700DF47E0 /* ENNoteViewRequest.h */ = {isa = PBXFileReference; fileEncoding = 4; lastKnownFileType = sourcecode.c.h; path = ENNoteViewRequest.h; sourceTree = "<group>"; };
		F44EF2311A014E0700DF47E0 /* ENNoteViewRequest.m */ = {isa = PBXFileReference; fileEncoding = 4; lastKnownFileType = sourcecode.c.objc; path = ENNoteViewRequest.m; sourceTree = "<group>"; };
		F44EF2321A014E0700DF47E0 /* ENResourceAttachment.h */ = {isa = PBXFileReference; fileEncoding = 4; lastKnownFileType = sourcecode.c.h; path = ENResourceAttachment.h; sourceTree = "<group>"; };
		F44EF2331A014E0700DF47E0 /* ENResourceAttachment.m */ = {isa = PBXFileReference; fileEncoding = 4; lastKnownFileType = sourcecode.c.objc; path = ENResourceAttachment.m; sourceTree = "<group>"; };
		F44EF2341A014E0700DF47E0 /* ENSearchRequest.h */ = {isa = PBXFileReference; fileEncoding = 4; lastKnownFileType = sourcecode.c.h; path = ENSearchRequest.h; sourceTree = "<group>"; };
		F44EF2351A014E0700DF47E0 /* ENSearchRequest.m */ = {isa = PBXFileReference; fileEncoding = 4; lastKnownFileType = sourcecode.c.objc; path = ENSearchRequest.m; sourceTree = "<group>"; };
		F44EF2361A014E0700DF47E0 /* EvernoteBridge.h */ = {isa = PBXFileReference; fileEncoding = 4; lastKnownFileType = sourcecode.c.h; path = EvernoteBridge.h; sourceTree = "<group>"; };
		F44EF2371A014E0700DF47E0 /* ENAPI.h */ = {isa = PBXFileReference; fileEncoding = 4; lastKnownFileType = sourcecode.c.h; path = ENAPI.h; sourceTree = "<group>"; };
		F44EF2381A014E0700DF47E0 /* ENAPI.m */ = {isa = PBXFileReference; fileEncoding = 4; lastKnownFileType = sourcecode.c.objc; path = ENAPI.m; sourceTree = "<group>"; };
		F44EF2391A014E0700DF47E0 /* ENCredentials.h */ = {isa = PBXFileReference; fileEncoding = 4; lastKnownFileType = sourcecode.c.h; path = ENCredentials.h; sourceTree = "<group>"; };
		F44EF23A1A014E0700DF47E0 /* ENCredentials.m */ = {isa = PBXFileReference; fileEncoding = 4; lastKnownFileType = sourcecode.c.objc; path = ENCredentials.m; sourceTree = "<group>"; };
		F44EF23B1A014E0700DF47E0 /* ENCredentialStore.h */ = {isa = PBXFileReference; fileEncoding = 4; lastKnownFileType = sourcecode.c.h; path = ENCredentialStore.h; sourceTree = "<group>"; };
		F44EF23C1A014E0700DF47E0 /* ENCredentialStore.m */ = {isa = PBXFileReference; fileEncoding = 4; lastKnownFileType = sourcecode.c.objc; path = ENCredentialStore.m; sourceTree = "<group>"; };
		F44EF23D1A014E0700DF47E0 /* ENOAuthViewController.h */ = {isa = PBXFileReference; fileEncoding = 4; lastKnownFileType = sourcecode.c.h; path = ENOAuthViewController.h; sourceTree = "<group>"; };
		F44EF23E1A014E0700DF47E0 /* ENOAuthViewController.m */ = {isa = PBXFileReference; fileEncoding = 4; lastKnownFileType = sourcecode.c.objc; path = ENOAuthViewController.m; sourceTree = "<group>"; };
		F44EF2401A014E0700DF47E0 /* EvernoteSDK.strings */ = {isa = PBXFileReference; fileEncoding = 4; lastKnownFileType = text.plist.strings; path = EvernoteSDK.strings; sourceTree = "<group>"; };
		F44EF2421A014E0700DF47E0 /* ENMLUtility.h */ = {isa = PBXFileReference; fileEncoding = 4; lastKnownFileType = sourcecode.c.h; path = ENMLUtility.h; sourceTree = "<group>"; };
		F44EF2431A014E0700DF47E0 /* ENMLUtility.m */ = {isa = PBXFileReference; fileEncoding = 4; lastKnownFileType = sourcecode.c.objc; path = ENMLUtility.m; sourceTree = "<group>"; };
		F44EF2441A014E0700DF47E0 /* NSData+EvernoteSDK.h */ = {isa = PBXFileReference; fileEncoding = 4; lastKnownFileType = sourcecode.c.h; path = "NSData+EvernoteSDK.h"; sourceTree = "<group>"; };
		F44EF2451A014E0700DF47E0 /* NSData+EvernoteSDK.m */ = {isa = PBXFileReference; fileEncoding = 4; lastKnownFileType = sourcecode.c.objc; path = "NSData+EvernoteSDK.m"; sourceTree = "<group>"; };
		F44EF2461A014E0700DF47E0 /* NSDataBase64Additions.h */ = {isa = PBXFileReference; fileEncoding = 4; lastKnownFileType = sourcecode.c.h; path = NSDataBase64Additions.h; sourceTree = "<group>"; };
		F44EF2471A014E0700DF47E0 /* NSDataBase64Additions.m */ = {isa = PBXFileReference; fileEncoding = 4; lastKnownFileType = sourcecode.c.objc; path = NSDataBase64Additions.m; sourceTree = "<group>"; };
		F44EF2481A014E0700DF47E0 /* NSDate+EDAMAdditions.h */ = {isa = PBXFileReference; fileEncoding = 4; lastKnownFileType = sourcecode.c.h; path = "NSDate+EDAMAdditions.h"; sourceTree = "<group>"; };
		F44EF2491A014E0700DF47E0 /* NSDate+EDAMAdditions.m */ = {isa = PBXFileReference; fileEncoding = 4; lastKnownFileType = sourcecode.c.objc; path = "NSDate+EDAMAdditions.m"; sourceTree = "<group>"; };
		F46D80AB19E99A47003732D5 /* Main.storyboard */ = {isa = PBXFileReference; fileEncoding = 4; lastKnownFileType = file.storyboard; path = Main.storyboard; sourceTree = "<group>"; };
		F46D80DF19E9D877003732D5 /* finishTableViewController.h */ = {isa = PBXFileReference; fileEncoding = 4; lastKnownFileType = sourcecode.c.h; path = finishTableViewController.h; sourceTree = "<group>"; };
		F46D80E019E9D877003732D5 /* finishTableViewController.m */ = {isa = PBXFileReference; fileEncoding = 4; lastKnownFileType = sourcecode.c.objc; path = finishTableViewController.m; sourceTree = "<group>"; };
		F46D80E219E9DACF003732D5 /* finishResultViewController.h */ = {isa = PBXFileReference; fileEncoding = 4; lastKnownFileType = sourcecode.c.h; path = finishResultViewController.h; sourceTree = "<group>"; };
		F46D80E319E9DACF003732D5 /* finishResultViewController.m */ = {isa = PBXFileReference; fileEncoding = 4; lastKnownFileType = sourcecode.c.objc; path = finishResultViewController.m; sourceTree = "<group>"; };
		F46DA20B19CB403300AB1CEC /* TimeIsMoney.app */ = {isa = PBXFileReference; explicitFileType = wrapper.application; includeInIndex = 0; path = TimeIsMoney.app; sourceTree = BUILT_PRODUCTS_DIR; };
		F46DA20E19CB403300AB1CEC /* Foundation.framework */ = {isa = PBXFileReference; lastKnownFileType = wrapper.framework; name = Foundation.framework; path = System/Library/Frameworks/Foundation.framework; sourceTree = SDKROOT; };
		F46DA21019CB403300AB1CEC /* CoreGraphics.framework */ = {isa = PBXFileReference; lastKnownFileType = wrapper.framework; name = CoreGraphics.framework; path = System/Library/Frameworks/CoreGraphics.framework; sourceTree = SDKROOT; };
		F46DA21219CB403300AB1CEC /* UIKit.framework */ = {isa = PBXFileReference; lastKnownFileType = wrapper.framework; name = UIKit.framework; path = System/Library/Frameworks/UIKit.framework; sourceTree = SDKROOT; };
		F46DA21619CB403300AB1CEC /* TimeIsMoney-Info.plist */ = {isa = PBXFileReference; lastKnownFileType = text.plist.xml; path = "TimeIsMoney-Info.plist"; sourceTree = "<group>"; };
		F46DA21819CB403300AB1CEC /* en */ = {isa = PBXFileReference; lastKnownFileType = text.plist.strings; name = en; path = en.lproj/InfoPlist.strings; sourceTree = "<group>"; };
		F46DA21A19CB403300AB1CEC /* main.m */ = {isa = PBXFileReference; lastKnownFileType = sourcecode.c.objc; path = main.m; sourceTree = "<group>"; };
		F46DA21C19CB403300AB1CEC /* TimeIsMoney-Prefix.pch */ = {isa = PBXFileReference; lastKnownFileType = sourcecode.c.h; path = "TimeIsMoney-Prefix.pch"; sourceTree = "<group>"; };
		F46DA21D19CB403300AB1CEC /* AppDelegate.h */ = {isa = PBXFileReference; lastKnownFileType = sourcecode.c.h; path = AppDelegate.h; sourceTree = "<group>"; };
		F46DA21E19CB403300AB1CEC /* AppDelegate.m */ = {isa = PBXFileReference; lastKnownFileType = sourcecode.c.objc; path = AppDelegate.m; sourceTree = "<group>"; };
		F46DA22619CB403400AB1CEC /* Images.xcassets */ = {isa = PBXFileReference; lastKnownFileType = folder.assetcatalog; path = Images.xcassets; sourceTree = "<group>"; };
		F46DA22C19CB403400AB1CEC /* TimeIsMoneyTests.xctest */ = {isa = PBXFileReference; explicitFileType = wrapper.cfbundle; includeInIndex = 0; path = TimeIsMoneyTests.xctest; sourceTree = BUILT_PRODUCTS_DIR; };
		F46DA22D19CB403400AB1CEC /* XCTest.framework */ = {isa = PBXFileReference; lastKnownFileType = wrapper.framework; name = XCTest.framework; path = Library/Frameworks/XCTest.framework; sourceTree = DEVELOPER_DIR; };
		F46DA23519CB403400AB1CEC /* TimeIsMoneyTests-Info.plist */ = {isa = PBXFileReference; lastKnownFileType = text.plist.xml; path = "TimeIsMoneyTests-Info.plist"; sourceTree = "<group>"; };
		F46DA23719CB403400AB1CEC /* en */ = {isa = PBXFileReference; lastKnownFileType = text.plist.strings; name = en; path = en.lproj/InfoPlist.strings; sourceTree = "<group>"; };
		F46DA23919CB403400AB1CEC /* TimeIsMoneyTests.m */ = {isa = PBXFileReference; lastKnownFileType = sourcecode.c.objc; path = TimeIsMoneyTests.m; sourceTree = "<group>"; };
		F46DA24319CB41AE00AB1CEC /* NPViewController.h */ = {isa = PBXFileReference; fileEncoding = 4; lastKnownFileType = sourcecode.c.h; path = NPViewController.h; sourceTree = "<group>"; };
		F46DA24419CB41AE00AB1CEC /* NPViewController.m */ = {isa = PBXFileReference; fileEncoding = 4; lastKnownFileType = sourcecode.c.objc; path = NPViewController.m; sourceTree = "<group>"; };
		F46DA24C19CB466800AB1CEC /* FNViewController.h */ = {isa = PBXFileReference; fileEncoding = 4; lastKnownFileType = sourcecode.c.h; path = FNViewController.h; sourceTree = "<group>"; };
		F46DA24D19CB466800AB1CEC /* FNViewController.m */ = {isa = PBXFileReference; fileEncoding = 4; lastKnownFileType = sourcecode.c.objc; path = FNViewController.m; sourceTree = "<group>"; };
		F4819B471A092A0D00319379 /* CDViewController.h */ = {isa = PBXFileReference; fileEncoding = 4; lastKnownFileType = sourcecode.c.h; path = CDViewController.h; sourceTree = "<group>"; };
		F4819B481A092A0D00319379 /* CDViewController.m */ = {isa = PBXFileReference; fileEncoding = 4; lastKnownFileType = sourcecode.c.objc; path = CDViewController.m; sourceTree = "<group>"; };
		F4A86A6119EE0E8600B42894 /* bunsekiViewController.h */ = {isa = PBXFileReference; fileEncoding = 4; lastKnownFileType = sourcecode.c.h; path = bunsekiViewController.h; sourceTree = "<group>"; };
		F4A86A6219EE0E8600B42894 /* bunsekiViewController.m */ = {isa = PBXFileReference; fileEncoding = 4; lastKnownFileType = sourcecode.c.objc; path = bunsekiViewController.m; sourceTree = "<group>"; };
		F4A9AFB719E634C200F8E9FD /* jikyuSetViewController.h */ = {isa = PBXFileReference; fileEncoding = 4; lastKnownFileType = sourcecode.c.h; path = jikyuSetViewController.h; sourceTree = "<group>"; };
		F4A9AFB819E634C200F8E9FD /* jikyuSetViewController.m */ = {isa = PBXFileReference; fileEncoding = 4; lastKnownFileType = sourcecode.c.objc; path = jikyuSetViewController.m; sourceTree = "<group>"; };
		F4DBBB5219E4443A0064083C /* Sound.h */ = {isa = PBXFileReference; fileEncoding = 4; lastKnownFileType = sourcecode.c.h; path = Sound.h; sourceTree = "<group>"; };
		F4DBBB5319E4443A0064083C /* Sound.m */ = {isa = PBXFileReference; fileEncoding = 4; lastKnownFileType = sourcecode.c.objc; path = Sound.m; sourceTree = "<group>"; };
		F4E9CF6919CC02EE0049F233 /* coin.mp3 */ = {isa = PBXFileReference; lastKnownFileType = audio.mp3; path = coin.mp3; sourceTree = "<group>"; };
		F4E9CF6A19CC02EE0049F233 /* register.mp3 */ = {isa = PBXFileReference; lastKnownFileType = audio.mp3; path = register.mp3; sourceTree = "<group>"; };
		F4E9CF6B19CC02EE0049F233 /* Time approach.mp3 */ = {isa = PBXFileReference; lastKnownFileType = audio.mp3; path = "Time approach.mp3"; sourceTree = "<group>"; };
/* End PBXFileReference section */

/* Begin PBXFrameworksBuildPhase section */
		F46DA20819CB403300AB1CEC /* Frameworks */ = {
			isa = PBXFrameworksBuildPhase;
			buildActionMask = 2147483647;
			files = (
				F42B5A231A00BD450097CBEB /* Security.framework in Frameworks */,
				F42B5A211A00BD380097CBEB /* StoreKit.framework in Frameworks */,
				F46DA21119CB403300AB1CEC /* CoreGraphics.framework in Frameworks */,
				F46DA21319CB403300AB1CEC /* UIKit.framework in Frameworks */,
				F46DA20F19CB403300AB1CEC /* Foundation.framework in Frameworks */,
			);
			runOnlyForDeploymentPostprocessing = 0;
		};
		F46DA22919CB403400AB1CEC /* Frameworks */ = {
			isa = PBXFrameworksBuildPhase;
			buildActionMask = 2147483647;
			files = (
				F46DA22E19CB403400AB1CEC /* XCTest.framework in Frameworks */,
				F46DA23019CB403400AB1CEC /* UIKit.framework in Frameworks */,
				F46DA22F19CB403400AB1CEC /* Foundation.framework in Frameworks */,
			);
			runOnlyForDeploymentPostprocessing = 0;
		};
/* End PBXFrameworksBuildPhase section */

/* Begin PBXGroup section */
		F44EF1C81A014E0700DF47E0 /* External */ = {
			isa = PBXGroup;
			children = (
				F44EF1C91A014E0700DF47E0 /* evernote-sdk-ios */,
			);
			name = External;
			path = TimeIsMoney/External;
			sourceTree = "<group>";
		};
		F44EF1C91A014E0700DF47E0 /* evernote-sdk-ios */ = {
			isa = PBXGroup;
			children = (
				F44EF1CA1A014E0700DF47E0 /* 3rdParty */,
				F44EF2051A014E0700DF47E0 /* EDAM */,
				F44EF2111A014E0700DF47E0 /* EDAMNoteStoreClient+Utilities.h */,
				F44EF2121A014E0700DF47E0 /* EDAMNoteStoreClient+Utilities.m */,
				F44EF2131A014E0700DF47E0 /* ENConstants.h */,
				F44EF2141A014E0700DF47E0 /* ENConstants.m */,
				F44EF2151A014E0700DF47E0 /* evernote-sdk-ios-Prefix.pch */,
				F44EF2161A014E0700DF47E0 /* EvernoteNoteStore+Extras.h */,
				F44EF2171A014E0700DF47E0 /* EvernoteNoteStore+Extras.m */,
				F44EF2181A014E0700DF47E0 /* EvernoteNoteStore.h */,
				F44EF2191A014E0700DF47E0 /* EvernoteNoteStore.m */,
				F44EF21A1A014E0700DF47E0 /* EvernoteSDK.h */,
				F44EF21B1A014E0700DF47E0 /* EvernoteSDK.m */,
				F44EF21C1A014E0700DF47E0 /* EvernoteSession.h */,
				F44EF21D1A014E0700DF47E0 /* EvernoteSession.m */,
				F44EF21E1A014E0700DF47E0 /* EvernoteUserStore+Extras.h */,
				F44EF21F1A014E0700DF47E0 /* EvernoteUserStore+Extras.m */,
				F44EF2201A014E0700DF47E0 /* EvernoteUserStore.h */,
				F44EF2211A014E0700DF47E0 /* EvernoteUserStore.m */,
				F44EF2221A014E0700DF47E0 /* internal */,
				F44EF2411A014E0700DF47E0 /* Utilities */,
			);
			path = "evernote-sdk-ios";
			sourceTree = "<group>";
		};
		F44EF1CA1A014E0700DF47E0 /* 3rdParty */ = {
			isa = PBXGroup;
			children = (
				F44EF1CB1A014E0700DF47E0 /* AFNetworking */,
				F44EF1CE1A014E0700DF47E0 /* cocoa-oauth */,
				F44EF1D41A014E0700DF47E0 /* KSHTMLWriter */,
				F44EF1E21A014E0700DF47E0 /* NSString+URLEncoding */,
				F44EF1E61A014E0700DF47E0 /* SSKeychain */,
				F44EF1EA1A014E0700DF47E0 /* Thrift */,
			);
			path = 3rdParty;
			sourceTree = "<group>";
		};
		F44EF1CB1A014E0700DF47E0 /* AFNetworking */ = {
			isa = PBXGroup;
			children = (
				F44EF1CC1A014E0700DF47E0 /* ENAFURLConnectionOperation.h */,
				F44EF1CD1A014E0700DF47E0 /* ENAFURLConnectionOperation.m */,
			);
			path = AFNetworking;
			sourceTree = "<group>";
		};
		F44EF1CE1A014E0700DF47E0 /* cocoa-oauth */ = {
			isa = PBXGroup;
			children = (
				F44EF1CF1A014E0700DF47E0 /* ENGCOAuth.h */,
				F44EF1D01A014E0700DF47E0 /* ENGCOAuth.m */,
				F44EF1D11A014E0700DF47E0 /* LICENSE */,
				F44EF1D21A014E0700DF47E0 /* NSData+ENBase64.h */,
				F44EF1D31A014E0700DF47E0 /* NSData+ENBase64.m */,
			);
			path = "cocoa-oauth";
			sourceTree = "<group>";
		};
		F44EF1D41A014E0700DF47E0 /* KSHTMLWriter */ = {
			isa = PBXGroup;
			children = (
				F44EF1D51A014E0700DF47E0 /* KSForwardingWriter.h */,
				F44EF1D61A014E0700DF47E0 /* KSForwardingWriter.m */,
				F44EF1D71A014E0700DF47E0 /* KSHTMLWriter.h */,
				F44EF1D81A014E0700DF47E0 /* KSHTMLWriter.m */,
				F44EF1D91A014E0700DF47E0 /* KSWriter.h */,
				F44EF1DA1A014E0700DF47E0 /* KSWriter.m */,
				F44EF1DB1A014E0700DF47E0 /* KSXMLAttributes.h */,
				F44EF1DC1A014E0700DF47E0 /* KSXMLAttributes.m */,
				F44EF1DD1A014E0700DF47E0 /* KSXMLWriter.h */,
				F44EF1DE1A014E0700DF47E0 /* KSXMLWriter.m */,
				F44EF1DF1A014E0700DF47E0 /* LICENSE.txt */,
				F44EF1E01A014E0700DF47E0 /* NSString+XMLAdditions.h */,
				F44EF1E11A014E0700DF47E0 /* NSString+XMLAdditions.m */,
			);
			path = KSHTMLWriter;
			sourceTree = "<group>";
		};
		F44EF1E21A014E0700DF47E0 /* NSString+URLEncoding */ = {
			isa = PBXGroup;
			children = (
				F44EF1E31A014E0700DF47E0 /* LICENSE */,
				F44EF1E41A014E0700DF47E0 /* NSString+URLEncoding.h */,
				F44EF1E51A014E0700DF47E0 /* NSString+URLEncoding.m */,
			);
			path = "NSString+URLEncoding";
			sourceTree = "<group>";
		};
		F44EF1E61A014E0700DF47E0 /* SSKeychain */ = {
			isa = PBXGroup;
			children = (
				F44EF1E71A014E0700DF47E0 /* LICENSE */,
				F44EF1E81A014E0700DF47E0 /* SSKeychain.h */,
				F44EF1E91A014E0700DF47E0 /* SSKeychain.m */,
			);
			path = SSKeychain;
			sourceTree = "<group>";
		};
		F44EF1EA1A014E0700DF47E0 /* Thrift */ = {
			isa = PBXGroup;
			children = (
				F44EF1EB1A014E0700DF47E0 /* LICENSE */,
				F44EF1EC1A014E0700DF47E0 /* protocol */,
				F44EF1F51A014E0700DF47E0 /* TApplicationException.h */,
				F44EF1F61A014E0700DF47E0 /* TApplicationException.m */,
				F44EF1F71A014E0700DF47E0 /* TException.h */,
				F44EF1F81A014E0700DF47E0 /* TException.m */,
				F44EF1F91A014E0700DF47E0 /* Thrift.h */,
				F44EF1FA1A014E0700DF47E0 /* TObjective-C.h */,
				F44EF1FB1A014E0700DF47E0 /* TProcessor.h */,
				F44EF1FC1A014E0700DF47E0 /* TProcessorFactory.h */,
				F44EF1FD1A014E0700DF47E0 /* transport */,
			);
			path = Thrift;
			sourceTree = "<group>";
		};
		F44EF1EC1A014E0700DF47E0 /* protocol */ = {
			isa = PBXGroup;
			children = (
				F44EF1ED1A014E0700DF47E0 /* TBinaryProtocol.h */,
				F44EF1EE1A014E0700DF47E0 /* TBinaryProtocol.m */,
				F44EF1EF1A014E0700DF47E0 /* TProtocol.h */,
				F44EF1F01A014E0700DF47E0 /* TProtocolException.h */,
				F44EF1F11A014E0700DF47E0 /* TProtocolException.m */,
				F44EF1F21A014E0700DF47E0 /* TProtocolFactory.h */,
				F44EF1F31A014E0700DF47E0 /* TProtocolUtil.h */,
				F44EF1F41A014E0700DF47E0 /* TProtocolUtil.m */,
			);
			path = protocol;
			sourceTree = "<group>";
		};
		F44EF1FD1A014E0700DF47E0 /* transport */ = {
			isa = PBXGroup;
			children = (
				F44EF1FE1A014E0700DF47E0 /* THTTPClient.h */,
				F44EF1FF1A014E0700DF47E0 /* THTTPClient.m */,
				F44EF2001A014E0700DF47E0 /* TMemoryBuffer.h */,
				F44EF2011A014E0700DF47E0 /* TMemoryBuffer.m */,
				F44EF2021A014E0700DF47E0 /* TTransport.h */,
				F44EF2031A014E0700DF47E0 /* TTransportException.h */,
				F44EF2041A014E0700DF47E0 /* TTransportException.m */,
			);
			path = transport;
			sourceTree = "<group>";
		};
		F44EF2051A014E0700DF47E0 /* EDAM */ = {
			isa = PBXGroup;
			children = (
				F44EF2061A014E0700DF47E0 /* EDAM.h */,
				F44EF2071A014E0700DF47E0 /* EDAMErrors.h */,
				F44EF2081A014E0700DF47E0 /* EDAMErrors.m */,
				F44EF2091A014E0700DF47E0 /* EDAMLimits.h */,
				F44EF20A1A014E0700DF47E0 /* EDAMLimits.m */,
				F44EF20B1A014E0700DF47E0 /* EDAMNoteStore.h */,
				F44EF20C1A014E0700DF47E0 /* EDAMNoteStore.m */,
				F44EF20D1A014E0700DF47E0 /* EDAMTypes.h */,
				F44EF20E1A014E0700DF47E0 /* EDAMTypes.m */,
				F44EF20F1A014E0700DF47E0 /* EDAMUserStore.h */,
				F44EF2101A014E0700DF47E0 /* EDAMUserStore.m */,
			);
			path = EDAM;
			sourceTree = "<group>";
		};
		F44EF2221A014E0700DF47E0 /* internal */ = {
			isa = PBXGroup;
			children = (
				F44EF2231A014E0700DF47E0 /* Bridge */,
				F44EF2371A014E0700DF47E0 /* ENAPI.h */,
				F44EF2381A014E0700DF47E0 /* ENAPI.m */,
				F44EF2391A014E0700DF47E0 /* ENCredentials.h */,
				F44EF23A1A014E0700DF47E0 /* ENCredentials.m */,
				F44EF23B1A014E0700DF47E0 /* ENCredentialStore.h */,
				F44EF23C1A014E0700DF47E0 /* ENCredentialStore.m */,
				F44EF23D1A014E0700DF47E0 /* ENOAuthViewController.h */,
				F44EF23E1A014E0700DF47E0 /* ENOAuthViewController.m */,
				F44EF23F1A014E0700DF47E0 /* Resources */,
			);
			path = internal;
			sourceTree = "<group>";
		};
		F44EF2231A014E0700DF47E0 /* Bridge */ = {
			isa = PBXGroup;
			children = (
				F44EF2241A014E0700DF47E0 /* ENApplicationBridge.h */,
				F44EF2251A014E0700DF47E0 /* ENApplicationBridge.m */,
				F44EF2261A014E0700DF47E0 /* ENApplicationBridge_Private.h */,
				F44EF2271A014E0700DF47E0 /* ENApplicationRequest.h */,
				F44EF2281A014E0700DF47E0 /* ENAuthenticationRequest.h */,
				F44EF2291A014E0700DF47E0 /* ENAuthenticationRequest.m */,
				F44EF22A1A014E0700DF47E0 /* ENLinkNotebookRequest.h */,
				F44EF22B1A014E0700DF47E0 /* ENLinkNotebookRequest.m */,
				F44EF22C1A014E0700DF47E0 /* ENNewNoteRequest.h */,
				F44EF22D1A014E0700DF47E0 /* ENNewNoteRequest.m */,
				F44EF22E1A014E0700DF47E0 /* ENNoteImportRequest.h */,
				F44EF22F1A014E0700DF47E0 /* ENNoteImportRequest.m */,
				F44EF2301A014E0700DF47E0 /* ENNoteViewRequest.h */,
				F44EF2311A014E0700DF47E0 /* ENNoteViewRequest.m */,
				F44EF2321A014E0700DF47E0 /* ENResourceAttachment.h */,
				F44EF2331A014E0700DF47E0 /* ENResourceAttachment.m */,
				F44EF2341A014E0700DF47E0 /* ENSearchRequest.h */,
				F44EF2351A014E0700DF47E0 /* ENSearchRequest.m */,
				F44EF2361A014E0700DF47E0 /* EvernoteBridge.h */,
			);
			path = Bridge;
			sourceTree = "<group>";
		};
		F44EF23F1A014E0700DF47E0 /* Resources */ = {
			isa = PBXGroup;
			children = (
				F44EF2401A014E0700DF47E0 /* EvernoteSDK.strings */,
			);
			path = Resources;
			sourceTree = "<group>";
		};
		F44EF2411A014E0700DF47E0 /* Utilities */ = {
			isa = PBXGroup;
			children = (
				F44EF2421A014E0700DF47E0 /* ENMLUtility.h */,
				F44EF2431A014E0700DF47E0 /* ENMLUtility.m */,
				F44EF2441A014E0700DF47E0 /* NSData+EvernoteSDK.h */,
				F44EF2451A014E0700DF47E0 /* NSData+EvernoteSDK.m */,
				F44EF2461A014E0700DF47E0 /* NSDataBase64Additions.h */,
				F44EF2471A014E0700DF47E0 /* NSDataBase64Additions.m */,
				F44EF2481A014E0700DF47E0 /* NSDate+EDAMAdditions.h */,
				F44EF2491A014E0700DF47E0 /* NSDate+EDAMAdditions.m */,
			);
			path = Utilities;
			sourceTree = "<group>";
		};
		F46DA20219CB403300AB1CEC = {
			isa = PBXGroup;
			children = (
				F44EF1C81A014E0700DF47E0 /* External */,
				F46DA21419CB403300AB1CEC /* TimeIsMoney */,
				F46DA23319CB403400AB1CEC /* TimeIsMoneyTests */,
				F46DA20D19CB403300AB1CEC /* Frameworks */,
				F46DA20C19CB403300AB1CEC /* Products */,
			);
			sourceTree = "<group>";
		};
		F46DA20C19CB403300AB1CEC /* Products */ = {
			isa = PBXGroup;
			children = (
				F46DA20B19CB403300AB1CEC /* TimeIsMoney.app */,
				F46DA22C19CB403400AB1CEC /* TimeIsMoneyTests.xctest */,
			);
			name = Products;
			sourceTree = "<group>";
		};
		F46DA20D19CB403300AB1CEC /* Frameworks */ = {
			isa = PBXGroup;
			children = (
				F42B5A221A00BD450097CBEB /* Security.framework */,
				F42B5A201A00BD380097CBEB /* StoreKit.framework */,
				F46DA20E19CB403300AB1CEC /* Foundation.framework */,
				F46DA21019CB403300AB1CEC /* CoreGraphics.framework */,
				F46DA21219CB403300AB1CEC /* UIKit.framework */,
				F46DA22D19CB403400AB1CEC /* XCTest.framework */,
			);
			name = Frameworks;
			sourceTree = "<group>";
		};
		F46DA21419CB403300AB1CEC /* TimeIsMoney */ = {
			isa = PBXGroup;
			children = (
				F46DA21D19CB403300AB1CEC /* AppDelegate.h */,
				F46DA21E19CB403300AB1CEC /* AppDelegate.m */,
				F4DBBB5219E4443A0064083C /* Sound.h */,
				F4DBBB5319E4443A0064083C /* Sound.m */,
				F46D80AB19E99A47003732D5 /* Main.storyboard */,
				F4A86A6119EE0E8600B42894 /* bunsekiViewController.h */,
				F4A86A6219EE0E8600B42894 /* bunsekiViewController.m */,
				F43D562219E455C000BF6718 /* topViewController.h */,
				F43D562319E455C000BF6718 /* topViewController.m */,
				F46D80DF19E9D877003732D5 /* finishTableViewController.h */,
				F46D80E019E9D877003732D5 /* finishTableViewController.m */,
				F4A9AFB719E634C200F8E9FD /* jikyuSetViewController.h */,
				F4A9AFB819E634C200F8E9FD /* jikyuSetViewController.m */,
				F46DA24319CB41AE00AB1CEC /* NPViewController.h */,
				F46DA24419CB41AE00AB1CEC /* NPViewController.m */,
				F4819B471A092A0D00319379 /* CDViewController.h */,
				F4819B481A092A0D00319379 /* CDViewController.m */,
				F46DA24C19CB466800AB1CEC /* FNViewController.h */,
				F46DA24D19CB466800AB1CEC /* FNViewController.m */,
				F46D80E219E9DACF003732D5 /* finishResultViewController.h */,
				F46D80E319E9DACF003732D5 /* finishResultViewController.m */,
				F46DA22619CB403400AB1CEC /* Images.xcassets */,
				F4A9AFBB19E64F4000F8E9FD /* Images */,
				F46DA21519CB403300AB1CEC /* Supporting Files */,
			);
			path = TimeIsMoney;
			sourceTree = "<group>";
		};
		F46DA21519CB403300AB1CEC /* Supporting Files */ = {
			isa = PBXGroup;
			children = (
				F4E9CF6919CC02EE0049F233 /* coin.mp3 */,
				F4E9CF6A19CC02EE0049F233 /* register.mp3 */,
				F4E9CF6B19CC02EE0049F233 /* Time approach.mp3 */,
				F46DA21619CB403300AB1CEC /* TimeIsMoney-Info.plist */,
				F46DA21719CB403300AB1CEC /* InfoPlist.strings */,
				F46DA21A19CB403300AB1CEC /* main.m */,
				F46DA21C19CB403300AB1CEC /* TimeIsMoney-Prefix.pch */,
			);
			name = "Supporting Files";
			sourceTree = "<group>";
		};
		F46DA23319CB403400AB1CEC /* TimeIsMoneyTests */ = {
			isa = PBXGroup;
			children = (
				F46DA23919CB403400AB1CEC /* TimeIsMoneyTests.m */,
				F46DA23419CB403400AB1CEC /* Supporting Files */,
			);
			path = TimeIsMoneyTests;
			sourceTree = "<group>";
		};
		F46DA23419CB403400AB1CEC /* Supporting Files */ = {
			isa = PBXGroup;
			children = (
				F46DA23519CB403400AB1CEC /* TimeIsMoneyTests-Info.plist */,
				F46DA23619CB403400AB1CEC /* InfoPlist.strings */,
			);
			name = "Supporting Files";
			sourceTree = "<group>";
		};
		F4A9AFBB19E64F4000F8E9FD /* Images */ = {
			isa = PBXGroup;
			children = (
			);
			path = Images;
			sourceTree = "<group>";
		};
/* End PBXGroup section */

/* Begin PBXNativeTarget section */
		F46DA20A19CB403300AB1CEC /* TimeIsMoney */ = {
			isa = PBXNativeTarget;
			buildConfigurationList = F46DA23D19CB403400AB1CEC /* Build configuration list for PBXNativeTarget "TimeIsMoney" */;
			buildPhases = (
				F46DA20719CB403300AB1CEC /* Sources */,
				F46DA20819CB403300AB1CEC /* Frameworks */,
				F46DA20919CB403300AB1CEC /* Resources */,
			);
			buildRules = (
			);
			dependencies = (
			);
			name = TimeIsMoney;
			productName = TimeIsMoney;
			productReference = F46DA20B19CB403300AB1CEC /* TimeIsMoney.app */;
			productType = "com.apple.product-type.application";
		};
		F46DA22B19CB403400AB1CEC /* TimeIsMoneyTests */ = {
			isa = PBXNativeTarget;
			buildConfigurationList = F46DA24019CB403400AB1CEC /* Build configuration list for PBXNativeTarget "TimeIsMoneyTests" */;
			buildPhases = (
				F46DA22819CB403400AB1CEC /* Sources */,
				F46DA22919CB403400AB1CEC /* Frameworks */,
				F46DA22A19CB403400AB1CEC /* Resources */,
			);
			buildRules = (
			);
			dependencies = (
				F46DA23219CB403400AB1CEC /* PBXTargetDependency */,
			);
			name = TimeIsMoneyTests;
			productName = TimeIsMoneyTests;
			productReference = F46DA22C19CB403400AB1CEC /* TimeIsMoneyTests.xctest */;
			productType = "com.apple.product-type.bundle.unit-test";
		};
/* End PBXNativeTarget section */

/* Begin PBXProject section */
		F46DA20319CB403300AB1CEC /* Project object */ = {
			isa = PBXProject;
			attributes = {
				LastUpgradeCheck = 0510;
				ORGANIZATIONNAME = mycompany;
				TargetAttributes = {
					F46DA22B19CB403400AB1CEC = {
						TestTargetID = F46DA20A19CB403300AB1CEC;
					};
				};
			};
			buildConfigurationList = F46DA20619CB403300AB1CEC /* Build configuration list for PBXProject "TimeIsMoney" */;
			compatibilityVersion = "Xcode 3.2";
			developmentRegion = English;
			hasScannedForEncodings = 0;
			knownRegions = (
				en,
				Base,
			);
			mainGroup = F46DA20219CB403300AB1CEC;
			productRefGroup = F46DA20C19CB403300AB1CEC /* Products */;
			projectDirPath = "";
			projectRoot = "";
			targets = (
				F46DA20A19CB403300AB1CEC /* TimeIsMoney */,
				F46DA22B19CB403400AB1CEC /* TimeIsMoneyTests */,
			);
		};
/* End PBXProject section */

/* Begin PBXResourcesBuildPhase section */
		F46DA20919CB403300AB1CEC /* Resources */ = {
			isa = PBXResourcesBuildPhase;
			buildActionMask = 2147483647;
			files = (
				F46DA22719CB403400AB1CEC /* Images.xcassets in Resources */,
				F46DA21919CB403300AB1CEC /* InfoPlist.strings in Resources */,
				F4E9CF6E19CC02EE0049F233 /* Time approach.mp3 in Resources */,
				F44EF24C1A014E0700DF47E0 /* LICENSE in Resources */,
				F44EF2571A014E0700DF47E0 /* LICENSE in Resources */,
				F44EF27B1A014E0700DF47E0 /* EvernoteSDK.strings in Resources */,
				F44EF2591A014E0700DF47E0 /* LICENSE in Resources */,
				F44EF2531A014E0700DF47E0 /* LICENSE.txt in Resources */,
				F46D80AC19E99A47003732D5 /* Main.storyboard in Resources */,
				F44EF2551A014E0700DF47E0 /* LICENSE in Resources */,
				F4E9CF6D19CC02EE0049F233 /* register.mp3 in Resources */,
				F4E9CF6C19CC02EE0049F233 /* coin.mp3 in Resources */,
			);
			runOnlyForDeploymentPostprocessing = 0;
		};
		F46DA22A19CB403400AB1CEC /* Resources */ = {
			isa = PBXResourcesBuildPhase;
			buildActionMask = 2147483647;
			files = (
				F46DA23819CB403400AB1CEC /* InfoPlist.strings in Resources */,
			);
			runOnlyForDeploymentPostprocessing = 0;
		};
/* End PBXResourcesBuildPhase section */

/* Begin PBXSourcesBuildPhase section */
		F46DA20719CB403300AB1CEC /* Sources */ = {
			isa = PBXSourcesBuildPhase;
			buildActionMask = 2147483647;
			files = (
				F4A9AFB919E634C200F8E9FD /* jikyuSetViewController.m in Sources */,
				F44EF25E1A014E0700DF47E0 /* TException.m in Sources */,
				F44EF26B1A014E0700DF47E0 /* EvernoteSDK.m in Sources */,
				F44EF27E1A014E0700DF47E0 /* NSDataBase64Additions.m in Sources */,
				F44EF2741A014E0700DF47E0 /* ENNoteViewRequest.m in Sources */,
				F44EF24E1A014E0700DF47E0 /* KSForwardingWriter.m in Sources */,
				F44EF26A1A014E0700DF47E0 /* EvernoteNoteStore.m in Sources */,
				F44EF24A1A014E0700DF47E0 /* ENAFURLConnectionOperation.m in Sources */,
				F44EF2601A014E0700DF47E0 /* TMemoryBuffer.m in Sources */,
				F44EF25D1A014E0700DF47E0 /* TApplicationException.m in Sources */,
				F44EF2681A014E0700DF47E0 /* ENConstants.m in Sources */,
				F44EF2721A014E0700DF47E0 /* ENNewNoteRequest.m in Sources */,
				F46DA24E19CB466800AB1CEC /* FNViewController.m in Sources */,
				F44EF24D1A014E0700DF47E0 /* NSData+ENBase64.m in Sources */,
				F44EF27D1A014E0700DF47E0 /* NSData+EvernoteSDK.m in Sources */,
				F44EF2661A014E0700DF47E0 /* EDAMUserStore.m in Sources */,
				F44EF24B1A014E0700DF47E0 /* ENGCOAuth.m in Sources */,
				F4DBBB5419E4443A0064083C /* Sound.m in Sources */,
				F44EF2521A014E0700DF47E0 /* KSXMLWriter.m in Sources */,
				F44EF2501A014E0700DF47E0 /* KSWriter.m in Sources */,
				F44EF2791A014E0700DF47E0 /* ENCredentialStore.m in Sources */,
				F44EF25A1A014E0700DF47E0 /* TBinaryProtocol.m in Sources */,
				F44EF2761A014E0700DF47E0 /* ENSearchRequest.m in Sources */,
				F44EF2641A014E0700DF47E0 /* EDAMNoteStore.m in Sources */,
				F44EF2611A014E0700DF47E0 /* TTransportException.m in Sources */,
				F44EF26F1A014E0700DF47E0 /* ENApplicationBridge.m in Sources */,
				F44EF2751A014E0700DF47E0 /* ENResourceAttachment.m in Sources */,
				F44EF2621A014E0700DF47E0 /* EDAMErrors.m in Sources */,
				F44EF2631A014E0700DF47E0 /* EDAMLimits.m in Sources */,
				F44EF26C1A014E0700DF47E0 /* EvernoteSession.m in Sources */,
				F44EF26D1A014E0700DF47E0 /* EvernoteUserStore+Extras.m in Sources */,
				F4A86A6319EE0E8600B42894 /* bunsekiViewController.m in Sources */,
				F44EF2511A014E0700DF47E0 /* KSXMLAttributes.m in Sources */,
				F44EF27C1A014E0700DF47E0 /* ENMLUtility.m in Sources */,
				F4819B491A092A0D00319379 /* CDViewController.m in Sources */,
				F44EF2711A014E0700DF47E0 /* ENLinkNotebookRequest.m in Sources */,
				F44EF2561A014E0700DF47E0 /* NSString+URLEncoding.m in Sources */,
				F44EF24F1A014E0700DF47E0 /* KSHTMLWriter.m in Sources */,
				F44EF2651A014E0700DF47E0 /* EDAMTypes.m in Sources */,
				F44EF25C1A014E0700DF47E0 /* TProtocolUtil.m in Sources */,
				F44EF2541A014E0700DF47E0 /* NSString+XMLAdditions.m in Sources */,
				F44EF2671A014E0700DF47E0 /* EDAMNoteStoreClient+Utilities.m in Sources */,
				F44EF27F1A014E0700DF47E0 /* NSDate+EDAMAdditions.m in Sources */,
				F44EF2691A014E0700DF47E0 /* EvernoteNoteStore+Extras.m in Sources */,
				F44EF25F1A014E0700DF47E0 /* THTTPClient.m in Sources */,
				F46D80E119E9D877003732D5 /* finishTableViewController.m in Sources */,
				F46D80E419E9DACF003732D5 /* finishResultViewController.m in Sources */,
				F44EF2701A014E0700DF47E0 /* ENAuthenticationRequest.m in Sources */,
				F44EF2781A014E0700DF47E0 /* ENCredentials.m in Sources */,
				F44EF2771A014E0700DF47E0 /* ENAPI.m in Sources */,
				F43D562419E455C000BF6718 /* topViewController.m in Sources */,
				F44EF26E1A014E0700DF47E0 /* EvernoteUserStore.m in Sources */,
				F46DA21F19CB403300AB1CEC /* AppDelegate.m in Sources */,
				F44EF25B1A014E0700DF47E0 /* TProtocolException.m in Sources */,
				F44EF2581A014E0700DF47E0 /* SSKeychain.m in Sources */,
				F44EF2731A014E0700DF47E0 /* ENNoteImportRequest.m in Sources */,
				F46DA24519CB41AE00AB1CEC /* NPViewController.m in Sources */,
				F44EF27A1A014E0700DF47E0 /* ENOAuthViewController.m in Sources */,
				F46DA21B19CB403300AB1CEC /* main.m in Sources */,
			);
			runOnlyForDeploymentPostprocessing = 0;
		};
		F46DA22819CB403400AB1CEC /* Sources */ = {
			isa = PBXSourcesBuildPhase;
			buildActionMask = 2147483647;
			files = (
				F46DA23A19CB403400AB1CEC /* TimeIsMoneyTests.m in Sources */,
			);
			runOnlyForDeploymentPostprocessing = 0;
		};
/* End PBXSourcesBuildPhase section */

/* Begin PBXTargetDependency section */
		F46DA23219CB403400AB1CEC /* PBXTargetDependency */ = {
			isa = PBXTargetDependency;
			target = F46DA20A19CB403300AB1CEC /* TimeIsMoney */;
			targetProxy = F46DA23119CB403400AB1CEC /* PBXContainerItemProxy */;
		};
/* End PBXTargetDependency section */

/* Begin PBXVariantGroup section */
		F46DA21719CB403300AB1CEC /* InfoPlist.strings */ = {
			isa = PBXVariantGroup;
			children = (
				F46DA21819CB403300AB1CEC /* en */,
			);
			name = InfoPlist.strings;
			sourceTree = "<group>";
		};
		F46DA23619CB403400AB1CEC /* InfoPlist.strings */ = {
			isa = PBXVariantGroup;
			children = (
				F46DA23719CB403400AB1CEC /* en */,
			);
			name = InfoPlist.strings;
			sourceTree = "<group>";
		};
/* End PBXVariantGroup section */

/* Begin XCBuildConfiguration section */
		F46DA23B19CB403400AB1CEC /* Debug */ = {
			isa = XCBuildConfiguration;
			buildSettings = {
				ALWAYS_SEARCH_USER_PATHS = NO;
				CLANG_CXX_LANGUAGE_STANDARD = "gnu++0x";
				CLANG_CXX_LIBRARY = "libc++";
				CLANG_ENABLE_MODULES = YES;
				CLANG_ENABLE_OBJC_ARC = YES;
				CLANG_WARN_BOOL_CONVERSION = YES;
				CLANG_WARN_CONSTANT_CONVERSION = YES;
				CLANG_WARN_DIRECT_OBJC_ISA_USAGE = YES_ERROR;
				CLANG_WARN_EMPTY_BODY = YES;
				CLANG_WARN_ENUM_CONVERSION = YES;
				CLANG_WARN_INT_CONVERSION = YES;
				CLANG_WARN_OBJC_ROOT_CLASS = YES_ERROR;
				CLANG_WARN__DUPLICATE_METHOD_MATCH = YES;
				"CODE_SIGN_IDENTITY[sdk=iphoneos*]" = "iPhone Developer";
				COPY_PHASE_STRIP = NO;
				GCC_C_LANGUAGE_STANDARD = gnu99;
				GCC_DYNAMIC_NO_PIC = NO;
				GCC_OPTIMIZATION_LEVEL = 0;
				GCC_PREPROCESSOR_DEFINITIONS = (
					"DEBUG=1",
					"$(inherited)",
				);
				GCC_SYMBOLS_PRIVATE_EXTERN = NO;
				GCC_WARN_64_TO_32_BIT_CONVERSION = YES;
				GCC_WARN_ABOUT_RETURN_TYPE = YES_ERROR;
				GCC_WARN_UNDECLARED_SELECTOR = YES;
				GCC_WARN_UNINITIALIZED_AUTOS = YES_AGGRESSIVE;
				GCC_WARN_UNUSED_FUNCTION = YES;
				GCC_WARN_UNUSED_VARIABLE = YES;
				IPHONEOS_DEPLOYMENT_TARGET = 7.1;
				ONLY_ACTIVE_ARCH = YES;
				SDKROOT = iphoneos;
			};
			name = Debug;
		};
		F46DA23C19CB403400AB1CEC /* Release */ = {
			isa = XCBuildConfiguration;
			buildSettings = {
				ALWAYS_SEARCH_USER_PATHS = NO;
				CLANG_CXX_LANGUAGE_STANDARD = "gnu++0x";
				CLANG_CXX_LIBRARY = "libc++";
				CLANG_ENABLE_MODULES = YES;
				CLANG_ENABLE_OBJC_ARC = YES;
				CLANG_WARN_BOOL_CONVERSION = YES;
				CLANG_WARN_CONSTANT_CONVERSION = YES;
				CLANG_WARN_DIRECT_OBJC_ISA_USAGE = YES_ERROR;
				CLANG_WARN_EMPTY_BODY = YES;
				CLANG_WARN_ENUM_CONVERSION = YES;
				CLANG_WARN_INT_CONVERSION = YES;
				CLANG_WARN_OBJC_ROOT_CLASS = YES_ERROR;
				CLANG_WARN__DUPLICATE_METHOD_MATCH = YES;
				"CODE_SIGN_IDENTITY[sdk=iphoneos*]" = "iPhone Developer";
				COPY_PHASE_STRIP = YES;
				ENABLE_NS_ASSERTIONS = NO;
				GCC_C_LANGUAGE_STANDARD = gnu99;
				GCC_WARN_64_TO_32_BIT_CONVERSION = YES;
				GCC_WARN_ABOUT_RETURN_TYPE = YES_ERROR;
				GCC_WARN_UNDECLARED_SELECTOR = YES;
				GCC_WARN_UNINITIALIZED_AUTOS = YES_AGGRESSIVE;
				GCC_WARN_UNUSED_FUNCTION = YES;
				GCC_WARN_UNUSED_VARIABLE = YES;
				IPHONEOS_DEPLOYMENT_TARGET = 7.1;
				SDKROOT = iphoneos;
				VALIDATE_PRODUCT = YES;
			};
			name = Release;
		};
		F46DA23E19CB403400AB1CEC /* Debug */ = {
			isa = XCBuildConfiguration;
			buildSettings = {
				ASSETCATALOG_COMPILER_APPICON_NAME = AppIcon;
				ASSETCATALOG_COMPILER_LAUNCHIMAGE_NAME = LaunchImage;
				GCC_PRECOMPILE_PREFIX_HEADER = YES;
				GCC_PREFIX_HEADER = "TimeIsMoney/TimeIsMoney-Prefix.pch";
				INFOPLIST_FILE = "TimeIsMoney/TimeIsMoney-Info.plist";
				IPHONEOS_DEPLOYMENT_TARGET = 8.0;
				PRODUCT_NAME = "$(TARGET_NAME)";
				WRAPPER_EXTENSION = app;
			};
			name = Debug;
		};
		F46DA23F19CB403400AB1CEC /* Release */ = {
			isa = XCBuildConfiguration;
			buildSettings = {
				ASSETCATALOG_COMPILER_APPICON_NAME = AppIcon;
				ASSETCATALOG_COMPILER_LAUNCHIMAGE_NAME = LaunchImage;
				GCC_PRECOMPILE_PREFIX_HEADER = YES;
				GCC_PREFIX_HEADER = "TimeIsMoney/TimeIsMoney-Prefix.pch";
				INFOPLIST_FILE = "TimeIsMoney/TimeIsMoney-Info.plist";
				IPHONEOS_DEPLOYMENT_TARGET = 8.0;
				PRODUCT_NAME = "$(TARGET_NAME)";
				WRAPPER_EXTENSION = app;
			};
			name = Release;
		};
		F46DA24119CB403400AB1CEC /* Debug */ = {
			isa = XCBuildConfiguration;
			buildSettings = {
				BUNDLE_LOADER = "$(BUILT_PRODUCTS_DIR)/TimeIsMoney.app/TimeIsMoney";
				FRAMEWORK_SEARCH_PATHS = (
					"$(SDKROOT)/Developer/Library/Frameworks",
					"$(inherited)",
					"$(DEVELOPER_FRAMEWORKS_DIR)",
				);
				GCC_PRECOMPILE_PREFIX_HEADER = YES;
				GCC_PREFIX_HEADER = "TimeIsMoney/TimeIsMoney-Prefix.pch";
				GCC_PREPROCESSOR_DEFINITIONS = (
					"DEBUG=1",
					"$(inherited)",
				);
				INFOPLIST_FILE = "TimeIsMoneyTests/TimeIsMoneyTests-Info.plist";
				PRODUCT_NAME = "$(TARGET_NAME)";
				TEST_HOST = "$(BUNDLE_LOADER)";
				WRAPPER_EXTENSION = xctest;
			};
			name = Debug;
		};
		F46DA24219CB403400AB1CEC /* Release */ = {
			isa = XCBuildConfiguration;
			buildSettings = {
				BUNDLE_LOADER = "$(BUILT_PRODUCTS_DIR)/TimeIsMoney.app/TimeIsMoney";
				FRAMEWORK_SEARCH_PATHS = (
					"$(SDKROOT)/Developer/Library/Frameworks",
					"$(inherited)",
					"$(DEVELOPER_FRAMEWORKS_DIR)",
				);
				GCC_PRECOMPILE_PREFIX_HEADER = YES;
				GCC_PREFIX_HEADER = "TimeIsMoney/TimeIsMoney-Prefix.pch";
				INFOPLIST_FILE = "TimeIsMoneyTests/TimeIsMoneyTests-Info.plist";
				PRODUCT_NAME = "$(TARGET_NAME)";
				TEST_HOST = "$(BUNDLE_LOADER)";
				WRAPPER_EXTENSION = xctest;
			};
			name = Release;
		};
/* End XCBuildConfiguration section */

/* Begin XCConfigurationList section */
		F46DA20619CB403300AB1CEC /* Build configuration list for PBXProject "TimeIsMoney" */ = {
			isa = XCConfigurationList;
			buildConfigurations = (
				F46DA23B19CB403400AB1CEC /* Debug */,
				F46DA23C19CB403400AB1CEC /* Release */,
			);
			defaultConfigurationIsVisible = 0;
			defaultConfigurationName = Release;
		};
		F46DA23D19CB403400AB1CEC /* Build configuration list for PBXNativeTarget "TimeIsMoney" */ = {
			isa = XCConfigurationList;
			buildConfigurations = (
				F46DA23E19CB403400AB1CEC /* Debug */,
				F46DA23F19CB403400AB1CEC /* Release */,
			);
			defaultConfigurationIsVisible = 0;
			defaultConfigurationName = Release;
		};
		F46DA24019CB403400AB1CEC /* Build configuration list for PBXNativeTarget "TimeIsMoneyTests" */ = {
			isa = XCConfigurationList;
			buildConfigurations = (
				F46DA24119CB403400AB1CEC /* Debug */,
				F46DA24219CB403400AB1CEC /* Release */,
			);
			defaultConfigurationIsVisible = 0;
			defaultConfigurationName = Release;
		};
/* End XCConfigurationList section */
	};
	rootObject = F46DA20319CB403300AB1CEC /* Project object */;
}
